// !$*UTF8*$!
{
	archiveVersion = 1;
	classes = {
	};
	objectVersion = 56;
	objects = {

/* Begin PBXBuildFile section */
		D33F077E2B2345930045F820 /* AppDelegate.swift in Sources */ = {isa = PBXBuildFile; fileRef = D33F077D2B2345930045F820 /* AppDelegate.swift */; };
		D33F07802B2345930045F820 /* SceneDelegate.swift in Sources */ = {isa = PBXBuildFile; fileRef = D33F077F2B2345930045F820 /* SceneDelegate.swift */; };
		D33F07822B2345930045F820 /* ViewController.swift in Sources */ = {isa = PBXBuildFile; fileRef = D33F07812B2345930045F820 /* ViewController.swift */; };
		D33F07852B2345940045F820 /* Main.storyboard in Resources */ = {isa = PBXBuildFile; fileRef = D33F07832B2345940045F820 /* Main.storyboard */; };
		D33F07872B2345960045F820 /* Assets.xcassets in Resources */ = {isa = PBXBuildFile; fileRef = D33F07862B2345960045F820 /* Assets.xcassets */; };
		D33F078A2B2345960045F820 /* LaunchScreen.storyboard in Resources */ = {isa = PBXBuildFile; fileRef = D33F07882B2345960045F820 /* LaunchScreen.storyboard */; };
		D33F07982B2347350045F820 /* TelaAzulView.swift in Sources */ = {isa = PBXBuildFile; fileRef = D33F07972B2347350045F820 /* TelaAzulView.swift */; };
		D33F079A2B2347460045F820 /* TelaAzulViewController.swift in Sources */ = {isa = PBXBuildFile; fileRef = D33F07992B2347460045F820 /* TelaAzulViewController.swift */; };
		D33F079C2B2347520045F820 /* TelaVerdeView.swift in Sources */ = {isa = PBXBuildFile; fileRef = D33F079B2B2347520045F820 /* TelaVerdeView.swift */; };
		D33F079E2B2347680045F820 /* TelaVerdeViewController.swift in Sources */ = {isa = PBXBuildFile; fileRef = D33F079D2B2347680045F820 /* TelaVerdeViewController.swift */; };
		D33F07A02B2347750045F820 /* TelaVermelhaView.swift in Sources */ = {isa = PBXBuildFile; fileRef = D33F079F2B2347750045F820 /* TelaVermelhaView.swift */; };
		D33F07A22B2347840045F820 /* TelaVermelhaViewController.swift in Sources */ = {isa = PBXBuildFile; fileRef = D33F07A12B2347840045F820 /* TelaVermelhaViewController.swift */; };
		D33F07A42B2347A40045F820 /* TelaAzulCoordinator.swift in Sources */ = {isa = PBXBuildFile; fileRef = D33F07A32B2347A40045F820 /* TelaAzulCoordinator.swift */; };
		D33F07A62B2347BA0045F820 /* TelaVerdeCoordinator.swift in Sources */ = {isa = PBXBuildFile; fileRef = D33F07A52B2347BA0045F820 /* TelaVerdeCoordinator.swift */; };
		D33F07A82B2347CB0045F820 /* TelaVermelhaCoordinator.swift in Sources */ = {isa = PBXBuildFile; fileRef = D33F07A72B2347CB0045F820 /* TelaVermelhaCoordinator.swift */; };
		D33F07AA2B234A900045F820 /* Coordinator.swift in Sources */ = {isa = PBXBuildFile; fileRef = D33F07A92B234A900045F820 /* Coordinator.swift */; };
/* End PBXBuildFile section */

/* Begin PBXFileReference section */
		D33F077A2B2345930045F820 /* telasSwift.app */ = {isa = PBXFileReference; explicitFileType = wrapper.application; includeInIndex = 0; path = telasSwift.app; sourceTree = BUILT_PRODUCTS_DIR; };
		D33F077D2B2345930045F820 /* AppDelegate.swift */ = {isa = PBXFileReference; lastKnownFileType = sourcecode.swift; path = AppDelegate.swift; sourceTree = "<group>"; };
		D33F077F2B2345930045F820 /* SceneDelegate.swift */ = {isa = PBXFileReference; lastKnownFileType = sourcecode.swift; path = SceneDelegate.swift; sourceTree = "<group>"; };
		D33F07812B2345930045F820 /* ViewController.swift */ = {isa = PBXFileReference; lastKnownFileType = sourcecode.swift; path = ViewController.swift; sourceTree = "<group>"; };
		D33F07842B2345940045F820 /* Base */ = {isa = PBXFileReference; lastKnownFileType = file.storyboard; name = Base; path = Base.lproj/Main.storyboard; sourceTree = "<group>"; };
		D33F07862B2345960045F820 /* Assets.xcassets */ = {isa = PBXFileReference; lastKnownFileType = folder.assetcatalog; path = Assets.xcassets; sourceTree = "<group>"; };
		D33F07892B2345960045F820 /* Base */ = {isa = PBXFileReference; lastKnownFileType = file.storyboard; name = Base; path = Base.lproj/LaunchScreen.storyboard; sourceTree = "<group>"; };
		D33F078B2B2345960045F820 /* Info.plist */ = {isa = PBXFileReference; lastKnownFileType = text.plist.xml; path = Info.plist; sourceTree = "<group>"; };
		D33F07972B2347350045F820 /* TelaAzulView.swift */ = {isa = PBXFileReference; lastKnownFileType = sourcecode.swift; path = TelaAzulView.swift; sourceTree = "<group>"; };
		D33F07992B2347460045F820 /* TelaAzulViewController.swift */ = {isa = PBXFileReference; lastKnownFileType = sourcecode.swift; path = TelaAzulViewController.swift; sourceTree = "<group>"; };
		D33F079B2B2347520045F820 /* TelaVerdeView.swift */ = {isa = PBXFileReference; lastKnownFileType = sourcecode.swift; path = TelaVerdeView.swift; sourceTree = "<group>"; };
		D33F079D2B2347680045F820 /* TelaVerdeViewController.swift */ = {isa = PBXFileReference; lastKnownFileType = sourcecode.swift; path = TelaVerdeViewController.swift; sourceTree = "<group>"; };
		D33F079F2B2347750045F820 /* TelaVermelhaView.swift */ = {isa = PBXFileReference; lastKnownFileType = sourcecode.swift; path = TelaVermelhaView.swift; sourceTree = "<group>"; };
		D33F07A12B2347840045F820 /* TelaVermelhaViewController.swift */ = {isa = PBXFileReference; lastKnownFileType = sourcecode.swift; path = TelaVermelhaViewController.swift; sourceTree = "<group>"; };
		D33F07A32B2347A40045F820 /* TelaAzulCoordinator.swift */ = {isa = PBXFileReference; lastKnownFileType = sourcecode.swift; path = TelaAzulCoordinator.swift; sourceTree = "<group>"; };
		D33F07A52B2347BA0045F820 /* TelaVerdeCoordinator.swift */ = {isa = PBXFileReference; lastKnownFileType = sourcecode.swift; path = TelaVerdeCoordinator.swift; sourceTree = "<group>"; };
		D33F07A72B2347CB0045F820 /* TelaVermelhaCoordinator.swift */ = {isa = PBXFileReference; lastKnownFileType = sourcecode.swift; path = TelaVermelhaCoordinator.swift; sourceTree = "<group>"; };
		D33F07A92B234A900045F820 /* Coordinator.swift */ = {isa = PBXFileReference; lastKnownFileType = sourcecode.swift; path = Coordinator.swift; sourceTree = "<group>"; };
/* End PBXFileReference section */

/* Begin PBXFrameworksBuildPhase section */
		D33F07772B2345930045F820 /* Frameworks */ = {
			isa = PBXFrameworksBuildPhase;
			buildActionMask = 2147483647;
			files = (
			);
			runOnlyForDeploymentPostprocessing = 0;
		};
/* End PBXFrameworksBuildPhase section */

/* Begin PBXGroup section */
		D33F07712B2345930045F820 = {
			isa = PBXGroup;
			children = (
				D33F077C2B2345930045F820 /* telasSwift */,
				D33F077B2B2345930045F820 /* Products */,
			);
			sourceTree = "<group>";
		};
		D33F077B2B2345930045F820 /* Products */ = {
			isa = PBXGroup;
			children = (
				D33F077A2B2345930045F820 /* telasSwift.app */,
			);
			name = Products;
			sourceTree = "<group>";
		};
		D33F077C2B2345930045F820 /* telasSwift */ = {
			isa = PBXGroup;
			children = (
				D33F07912B23466A0045F820 /* Resource */,
				D33F07942B2346BB0045F820 /* Source */,
				D33F078B2B2345960045F820 /* Info.plist */,
			);
			path = telasSwift;
			sourceTree = "<group>";
		};
		D33F07912B23466A0045F820 /* Resource */ = {
			isa = PBXGroup;
			children = (
				D33F07952B2346DA0045F820 /* Controller */,
				D33F07962B2346EF0045F820 /* Coordinator */,
			);
			path = Resource;
			sourceTree = "<group>";
		};
		D33F07942B2346BB0045F820 /* Source */ = {
			isa = PBXGroup;
			children = (
				D33F077D2B2345930045F820 /* AppDelegate.swift */,
				D33F077F2B2345930045F820 /* SceneDelegate.swift */,
				D33F07812B2345930045F820 /* ViewController.swift */,
				D33F07832B2345940045F820 /* Main.storyboard */,
				D33F07862B2345960045F820 /* Assets.xcassets */,
				D33F07882B2345960045F820 /* LaunchScreen.storyboard */,
			);
			path = Source;
			sourceTree = "<group>";
		};
		D33F07952B2346DA0045F820 /* Controller */ = {
			isa = PBXGroup;
			children = (
				D33F07972B2347350045F820 /* TelaAzulView.swift */,
				D33F07992B2347460045F820 /* TelaAzulViewController.swift */,
				D33F079B2B2347520045F820 /* TelaVerdeView.swift */,
				D33F079D2B2347680045F820 /* TelaVerdeViewController.swift */,
				D33F079F2B2347750045F820 /* TelaVermelhaView.swift */,
				D33F07A12B2347840045F820 /* TelaVermelhaViewController.swift */,
			);
			path = Controller;
			sourceTree = "<group>";
		};
		D33F07962B2346EF0045F820 /* Coordinator */ = {
			isa = PBXGroup;
			children = (
				D33F07A92B234A900045F820 /* Coordinator.swift */,
				D33F07A32B2347A40045F820 /* TelaAzulCoordinator.swift */,
				D33F07A52B2347BA0045F820 /* TelaVerdeCoordinator.swift */,
				D33F07A72B2347CB0045F820 /* TelaVermelhaCoordinator.swift */,
			);
			path = Coordinator;
			sourceTree = "<group>";
		};
/* End PBXGroup section */

/* Begin PBXNativeTarget section */
		D33F07792B2345930045F820 /* telasSwift */ = {
			isa = PBXNativeTarget;
			buildConfigurationList = D33F078E2B2345960045F820 /* Build configuration list for PBXNativeTarget "telasSwift" */;
			buildPhases = (
				D33F07762B2345930045F820 /* Sources */,
				D33F07772B2345930045F820 /* Frameworks */,
				D33F07782B2345930045F820 /* Resources */,
			);
			buildRules = (
			);
			dependencies = (
			);
			name = telasSwift;
			productName = telasSwift;
			productReference = D33F077A2B2345930045F820 /* telasSwift.app */;
			productType = "com.apple.product-type.application";
		};
/* End PBXNativeTarget section */

/* Begin PBXProject section */
		D33F07722B2345930045F820 /* Project object */ = {
			isa = PBXProject;
			attributes = {
				BuildIndependentTargetsInParallel = 1;
				LastSwiftUpdateCheck = 1500;
				LastUpgradeCheck = 1500;
				TargetAttributes = {
					D33F07792B2345930045F820 = {
						CreatedOnToolsVersion = 15.0;
					};
				};
			};
			buildConfigurationList = D33F07752B2345930045F820 /* Build configuration list for PBXProject "telasSwift" */;
			compatibilityVersion = "Xcode 14.0";
			developmentRegion = en;
			hasScannedForEncodings = 0;
			knownRegions = (
				en,
				Base,
			);
			mainGroup = D33F07712B2345930045F820;
			productRefGroup = D33F077B2B2345930045F820 /* Products */;
			projectDirPath = "";
			projectRoot = "";
			targets = (
				D33F07792B2345930045F820 /* telasSwift */,
			);
		};
/* End PBXProject section */

/* Begin PBXResourcesBuildPhase section */
		D33F07782B2345930045F820 /* Resources */ = {
			isa = PBXResourcesBuildPhase;
			buildActionMask = 2147483647;
			files = (
				D33F078A2B2345960045F820 /* LaunchScreen.storyboard in Resources */,
				D33F07872B2345960045F820 /* Assets.xcassets in Resources */,
				D33F07852B2345940045F820 /* Main.storyboard in Resources */,
			);
			runOnlyForDeploymentPostprocessing = 0;
		};
/* End PBXResourcesBuildPhase section */

/* Begin PBXSourcesBuildPhase section */
		D33F07762B2345930045F820 /* Sources */ = {
			isa = PBXSourcesBuildPhase;
			buildActionMask = 2147483647;
			files = (
				D33F07A42B2347A40045F820 /* TelaAzulCoordinator.swift in Sources */,
				D33F07822B2345930045F820 /* ViewController.swift in Sources */,
				D33F07AA2B234A900045F820 /* Coordinator.swift in Sources */,
				D33F077E2B2345930045F820 /* AppDelegate.swift in Sources */,
				D33F079A2B2347460045F820 /* TelaAzulViewController.swift in Sources */,
				D33F079C2B2347520045F820 /* TelaVerdeView.swift in Sources */,
				D33F07A62B2347BA0045F820 /* TelaVerdeCoordinator.swift in Sources */,
				D33F07A82B2347CB0045F820 /* TelaVermelhaCoordinator.swift in Sources */,
				D33F07982B2347350045F820 /* TelaAzulView.swift in Sources */,
				D33F07802B2345930045F820 /* SceneDelegate.swift in Sources */,
				D33F07A22B2347840045F820 /* TelaVermelhaViewController.swift in Sources */,
				D33F07A02B2347750045F820 /* TelaVermelhaView.swift in Sources */,
				D33F079E2B2347680045F820 /* TelaVerdeViewController.swift in Sources */,
			);
			runOnlyForDeploymentPostprocessing = 0;
		};
/* End PBXSourcesBuildPhase section */

/* Begin PBXVariantGroup section */
		D33F07832B2345940045F820 /* Main.storyboard */ = {
			isa = PBXVariantGroup;
			children = (
				D33F07842B2345940045F820 /* Base */,
			);
			name = Main.storyboard;
			sourceTree = "<group>";
		};
		D33F07882B2345960045F820 /* LaunchScreen.storyboard */ = {
			isa = PBXVariantGroup;
			children = (
				D33F07892B2345960045F820 /* Base */,
			);
			name = LaunchScreen.storyboard;
			sourceTree = "<group>";
		};
/* End PBXVariantGroup section */

/* Begin XCBuildConfiguration section */
		D33F078C2B2345960045F820 /* Debug */ = {
			isa = XCBuildConfiguration;
			buildSettings = {
				ALWAYS_SEARCH_USER_PATHS = NO;
				ASSETCATALOG_COMPILER_GENERATE_SWIFT_ASSET_SYMBOL_EXTENSIONS = YES;
				CLANG_ANALYZER_NONNULL = YES;
				CLANG_ANALYZER_NUMBER_OBJECT_CONVERSION = YES_AGGRESSIVE;
				CLANG_CXX_LANGUAGE_STANDARD = "gnu++20";
				CLANG_ENABLE_MODULES = YES;
				CLANG_ENABLE_OBJC_ARC = YES;
				CLANG_ENABLE_OBJC_WEAK = YES;
				CLANG_WARN_BLOCK_CAPTURE_AUTORELEASING = YES;
				CLANG_WARN_BOOL_CONVERSION = YES;
				CLANG_WARN_COMMA = YES;
				CLANG_WARN_CONSTANT_CONVERSION = YES;
				CLANG_WARN_DEPRECATED_OBJC_IMPLEMENTATIONS = YES;
				CLANG_WARN_DIRECT_OBJC_ISA_USAGE = YES_ERROR;
				CLANG_WARN_DOCUMENTATION_COMMENTS = YES;
				CLANG_WARN_EMPTY_BODY = YES;
				CLANG_WARN_ENUM_CONVERSION = YES;
				CLANG_WARN_INFINITE_RECURSION = YES;
				CLANG_WARN_INT_CONVERSION = YES;
				CLANG_WARN_NON_LITERAL_NULL_CONVERSION = YES;
				CLANG_WARN_OBJC_IMPLICIT_RETAIN_SELF = YES;
				CLANG_WARN_OBJC_LITERAL_CONVERSION = YES;
				CLANG_WARN_OBJC_ROOT_CLASS = YES_ERROR;
				CLANG_WARN_QUOTED_INCLUDE_IN_FRAMEWORK_HEADER = YES;
				CLANG_WARN_RANGE_LOOP_ANALYSIS = YES;
				CLANG_WARN_STRICT_PROTOTYPES = YES;
				CLANG_WARN_SUSPICIOUS_MOVE = YES;
				CLANG_WARN_UNGUARDED_AVAILABILITY = YES_AGGRESSIVE;
				CLANG_WARN_UNREACHABLE_CODE = YES;
				CLANG_WARN__DUPLICATE_METHOD_MATCH = YES;
				COPY_PHASE_STRIP = NO;
				DEBUG_INFORMATION_FORMAT = dwarf;
				ENABLE_STRICT_OBJC_MSGSEND = YES;
				ENABLE_TESTABILITY = YES;
				ENABLE_USER_SCRIPT_SANDBOXING = YES;
				GCC_C_LANGUAGE_STANDARD = gnu17;
				GCC_DYNAMIC_NO_PIC = NO;
				GCC_NO_COMMON_BLOCKS = YES;
				GCC_OPTIMIZATION_LEVEL = 0;
				GCC_PREPROCESSOR_DEFINITIONS = (
					"DEBUG=1",
					"$(inherited)",
				);
				GCC_WARN_64_TO_32_BIT_CONVERSION = YES;
				GCC_WARN_ABOUT_RETURN_TYPE = YES_ERROR;
				GCC_WARN_UNDECLARED_SELECTOR = YES;
				GCC_WARN_UNINITIALIZED_AUTOS = YES_AGGRESSIVE;
				GCC_WARN_UNUSED_FUNCTION = YES;
				GCC_WARN_UNUSED_VARIABLE = YES;
				IPHONEOS_DEPLOYMENT_TARGET = 17.0;
				LOCALIZATION_PREFERS_STRING_CATALOGS = YES;
				MTL_ENABLE_DEBUG_INFO = INCLUDE_SOURCE;
				MTL_FAST_MATH = YES;
				ONLY_ACTIVE_ARCH = YES;
				SDKROOT = iphoneos;
				SWIFT_ACTIVE_COMPILATION_CONDITIONS = "DEBUG $(inherited)";
				SWIFT_OPTIMIZATION_LEVEL = "-Onone";
			};
			name = Debug;
		};
		D33F078D2B2345960045F820 /* Release */ = {
			isa = XCBuildConfiguration;
			buildSettings = {
				ALWAYS_SEARCH_USER_PATHS = NO;
				ASSETCATALOG_COMPILER_GENERATE_SWIFT_ASSET_SYMBOL_EXTENSIONS = YES;
				CLANG_ANALYZER_NONNULL = YES;
				CLANG_ANALYZER_NUMBER_OBJECT_CONVERSION = YES_AGGRESSIVE;
				CLANG_CXX_LANGUAGE_STANDARD = "gnu++20";
				CLANG_ENABLE_MODULES = YES;
				CLANG_ENABLE_OBJC_ARC = YES;
				CLANG_ENABLE_OBJC_WEAK = YES;
				CLANG_WARN_BLOCK_CAPTURE_AUTORELEASING = YES;
				CLANG_WARN_BOOL_CONVERSION = YES;
				CLANG_WARN_COMMA = YES;
				CLANG_WARN_CONSTANT_CONVERSION = YES;
				CLANG_WARN_DEPRECATED_OBJC_IMPLEMENTATIONS = YES;
				CLANG_WARN_DIRECT_OBJC_ISA_USAGE = YES_ERROR;
				CLANG_WARN_DOCUMENTATION_COMMENTS = YES;
				CLANG_WARN_EMPTY_BODY = YES;
				CLANG_WARN_ENUM_CONVERSION = YES;
				CLANG_WARN_INFINITE_RECURSION = YES;
				CLANG_WARN_INT_CONVERSION = YES;
				CLANG_WARN_NON_LITERAL_NULL_CONVERSION = YES;
				CLANG_WARN_OBJC_IMPLICIT_RETAIN_SELF = YES;
				CLANG_WARN_OBJC_LITERAL_CONVERSION = YES;
				CLANG_WARN_OBJC_ROOT_CLASS = YES_ERROR;
				CLANG_WARN_QUOTED_INCLUDE_IN_FRAMEWORK_HEADER = YES;
				CLANG_WARN_RANGE_LOOP_ANALYSIS = YES;
				CLANG_WARN_STRICT_PROTOTYPES = YES;
				CLANG_WARN_SUSPICIOUS_MOVE = YES;
				CLANG_WARN_UNGUARDED_AVAILABILITY = YES_AGGRESSIVE;
				CLANG_WARN_UNREACHABLE_CODE = YES;
				CLANG_WARN__DUPLICATE_METHOD_MATCH = YES;
				COPY_PHASE_STRIP = NO;
				DEBUG_INFORMATION_FORMAT = "dwarf-with-dsym";
				ENABLE_NS_ASSERTIONS = NO;
				ENABLE_STRICT_OBJC_MSGSEND = YES;
				ENABLE_USER_SCRIPT_SANDBOXING = YES;
				GCC_C_LANGUAGE_STANDARD = gnu17;
				GCC_NO_COMMON_BLOCKS = YES;
				GCC_WARN_64_TO_32_BIT_CONVERSION = YES;
				GCC_WARN_ABOUT_RETURN_TYPE = YES_ERROR;
				GCC_WARN_UNDECLARED_SELECTOR = YES;
				GCC_WARN_UNINITIALIZED_AUTOS = YES_AGGRESSIVE;
				GCC_WARN_UNUSED_FUNCTION = YES;
				GCC_WARN_UNUSED_VARIABLE = YES;
				IPHONEOS_DEPLOYMENT_TARGET = 17.0;
				LOCALIZATION_PREFERS_STRING_CATALOGS = YES;
				MTL_ENABLE_DEBUG_INFO = NO;
				MTL_FAST_MATH = YES;
				SDKROOT = iphoneos;
				SWIFT_COMPILATION_MODE = wholemodule;
				VALIDATE_PRODUCT = YES;
			};
			name = Release;
		};
		D33F078F2B2345960045F820 /* Debug */ = {
			isa = XCBuildConfiguration;
			buildSettings = {
				ASSETCATALOG_COMPILER_APPICON_NAME = AppIcon;
				ASSETCATALOG_COMPILER_GLOBAL_ACCENT_COLOR_NAME = AccentColor;
				CODE_SIGN_STYLE = Automatic;
				CURRENT_PROJECT_VERSION = 1;
				GENERATE_INFOPLIST_FILE = YES;
				INFOPLIST_FILE = telasSwift/Info.plist;
				INFOPLIST_KEY_UIApplicationSupportsIndirectInputEvents = YES;
				INFOPLIST_KEY_UILaunchStoryboardName = LaunchScreen;
				INFOPLIST_KEY_UIMainStoryboardFile = Main;
				INFOPLIST_KEY_UISupportedInterfaceOrientations_iPad = "UIInterfaceOrientationPortrait UIInterfaceOrientationPortraitUpsideDown UIInterfaceOrientationLandscapeLeft UIInterfaceOrientationLandscapeRight";
				INFOPLIST_KEY_UISupportedInterfaceOrientations_iPhone = "UIInterfaceOrientationPortrait UIInterfaceOrientationLandscapeLeft UIInterfaceOrientationLandscapeRight";
				IPHONEOS_DEPLOYMENT_TARGET = 16.1;
				LD_RUNPATH_SEARCH_PATHS = (
					"$(inherited)",
					"@executable_path/Frameworks",
				);
				MARKETING_VERSION = 1.0;
				PRODUCT_BUNDLE_IDENTIFIER = br.com.rafa4.telasSwift;
				PRODUCT_NAME = "$(TARGET_NAME)";
				SWIFT_EMIT_LOC_STRINGS = YES;
				SWIFT_VERSION = 5.0;
				TARGETED_DEVICE_FAMILY = "1,2";
			};
			name = Debug;
		};
		D33F07902B2345960045F820 /* Release */ = {
			isa = XCBuildConfiguration;
			buildSettings = {
				ASSETCATALOG_COMPILER_APPICON_NAME = AppIcon;
				ASSETCATALOG_COMPILER_GLOBAL_ACCENT_COLOR_NAME = AccentColor;
				CODE_SIGN_STYLE = Automatic;
				CURRENT_PROJECT_VERSION = 1;
				GENERATE_INFOPLIST_FILE = YES;
				INFOPLIST_FILE = telasSwift/Info.plist;
				INFOPLIST_KEY_UIApplicationSupportsIndirectInputEvents = YES;
				INFOPLIST_KEY_UILaunchStoryboardName = LaunchScreen;
				INFOPLIST_KEY_UIMainStoryboardFile = Main;
				INFOPLIST_KEY_UISupportedInterfaceOrientations_iPad = "UIInterfaceOrientationPortrait UIInterfaceOrientationPortraitUpsideDown UIInterfaceOrientationLandscapeLeft UIInterfaceOrientationLandscapeRight";
				INFOPLIST_KEY_UISupportedInterfaceOrientations_iPhone = "UIInterfaceOrientationPortrait UIInterfaceOrientationLandscapeLeft UIInterfaceOrientationLandscapeRight";
				IPHONEOS_DEPLOYMENT_TARGET = 16.1;
				LD_RUNPATH_SEARCH_PATHS = (
					"$(inherited)",
					"@executable_path/Frameworks",
				);
				MARKETING_VERSION = 1.0;
				PRODUCT_BUNDLE_IDENTIFIER = br.com.rafa4.telasSwift;
				PRODUCT_NAME = "$(TARGET_NAME)";
				SWIFT_EMIT_LOC_STRINGS = YES;
				SWIFT_VERSION = 5.0;
				TARGETED_DEVICE_FAMILY = "1,2";
			};
			name = Release;
		};
/* End XCBuildConfiguration section */

/* Begin XCConfigurationList section */
		D33F07752B2345930045F820 /* Build configuration list for PBXProject "telasSwift" */ = {
			isa = XCConfigurationList;
			buildConfigurations = (
				D33F078C2B2345960045F820 /* Debug */,
				D33F078D2B2345960045F820 /* Release */,
			);
			defaultConfigurationIsVisible = 0;
			defaultConfigurationName = Release;
		};
		D33F078E2B2345960045F820 /* Build configuration list for PBXNativeTarget "telasSwift" */ = {
			isa = XCConfigurationList;
			buildConfigurations = (
				D33F078F2B2345960045F820 /* Debug */,
				D33F07902B2345960045F820 /* Release */,
			);
			defaultConfigurationIsVisible = 0;
			defaultConfigurationName = Release;
		};
/* End XCConfigurationList section */
	};
	rootObject = D33F07722B2345930045F820 /* Project object */;
}
